// !$*UTF8*$!
{
	archiveVersion = 1;
	classes = {
	};
	objectVersion = 54;
	objects = {

/* Begin PBXBuildFile section */
		B449ABF326241AB300DBBF56 /* RecognizerViewController.m in Sources */ = {isa = PBXBuildFile; fileRef = B449ABF226241AB300DBBF56 /* RecognizerViewController.m */; };
		B449AC17262489D000DBBF56 /* AVFoundation.framework in Frameworks */ = {isa = PBXBuildFile; fileRef = B449AC16262489D000DBBF56 /* AVFoundation.framework */; };
		B449AC1A262489F300DBBF56 /* CoreMedia.framework in Frameworks */ = {isa = PBXBuildFile; fileRef = B449AC19262489F300DBBF56 /* CoreMedia.framework */; };
		B449AC222624943600DBBF56 /* MBImageRecognizer.m in Sources */ = {isa = PBXBuildFile; fileRef = B449AC212624943600DBBF56 /* MBImageRecognizer.m */; };
		B449AC2D2625A6EF00DBBF56 /* MBImageRecognizer.m in Sources */ = {isa = PBXBuildFile; fileRef = B449AC212624943600DBBF56 /* MBImageRecognizer.m */; };
		C900CCE624E57F37000E2AEF /* BlinkIDTests.m in Sources */ = {isa = PBXBuildFile; fileRef = C938049A24E2DF7C0060507E /* BlinkIDTests.m */; };
		C900CCE924E57F6B000E2AEF /* MBRecognitionResult.m in Sources */ = {isa = PBXBuildFile; fileRef = C938049724E2DF710060507E /* MBRecognitionResult.m */; };
		C938045E24E2A15C0060507E /* id.jpg in Resources */ = {isa = PBXBuildFile; fileRef = C938045D24E2A15C0060507E /* id.jpg */; };
		C938049924E2DF710060507E /* MBRecognitionResult.m in Sources */ = {isa = PBXBuildFile; fileRef = C938049724E2DF710060507E /* MBRecognitionResult.m */; };
		C938049D24E2DF7C0060507E /* Demo.xctestplan in Resources */ = {isa = PBXBuildFile; fileRef = C938049B24E2DF7C0060507E /* Demo.xctestplan */; };
		C956CDB121CD5CA0003B4B6F /* AppDelegate.m in Sources */ = {isa = PBXBuildFile; fileRef = C956CDB021CD5CA0003B4B6F /* AppDelegate.m */; };
		C956CDB721CD5CA0003B4B6F /* Main.storyboard in Resources */ = {isa = PBXBuildFile; fileRef = C956CDB521CD5CA0003B4B6F /* Main.storyboard */; };
		C956CDB921CD5CA2003B4B6F /* Assets.xcassets in Resources */ = {isa = PBXBuildFile; fileRef = C956CDB821CD5CA2003B4B6F /* Assets.xcassets */; };
		C956CDBC21CD5CA2003B4B6F /* LaunchScreen.storyboard in Resources */ = {isa = PBXBuildFile; fileRef = C956CDBA21CD5CA2003B4B6F /* LaunchScreen.storyboard */; };
		C956CDBF21CD5CA2003B4B6F /* main.m in Sources */ = {isa = PBXBuildFile; fileRef = C956CDBE21CD5CA2003B4B6F /* main.m */; };
		C97EC6FD260CC24D0079B2EA /* ccc_lookup_table.zzip in Resources */ = {isa = PBXBuildFile; fileRef = C97EC6F1260CC24D0079B2EA /* ccc_lookup_table.zzip */; };
		C97EC6FE260CC24D0079B2EA /* ccc_lookup_table.zzip in Resources */ = {isa = PBXBuildFile; fileRef = C97EC6F1260CC24D0079B2EA /* ccc_lookup_table.zzip */; };
		C97EC6FF260CC24D0079B2EA /* BlinkID_MoireClassifier_malaysia_6.0.0.strop in Resources */ = {isa = PBXBuildFile; fileRef = C97EC6F2260CC24D0079B2EA /* BlinkID_MoireClassifier_malaysia_6.0.0.strop */; };
		C97EC700260CC24D0079B2EA /* BlinkID_MoireClassifier_malaysia_6.0.0.strop in Resources */ = {isa = PBXBuildFile; fileRef = C97EC6F2260CC24D0079B2EA /* BlinkID_MoireClassifier_malaysia_6.0.0.strop */; };
		C97EC701260CC24D0079B2EA /* BlinkID_RotationClassifier_general_6.2.0.strop in Resources */ = {isa = PBXBuildFile; fileRef = C97EC6F3260CC24D0079B2EA /* BlinkID_RotationClassifier_general_6.2.0.strop */; };
		C97EC702260CC24D0079B2EA /* BlinkID_RotationClassifier_general_6.2.0.strop in Resources */ = {isa = PBXBuildFile; fileRef = C97EC6F3260CC24D0079B2EA /* BlinkID_RotationClassifier_general_6.2.0.strop */; };
		C97EC703260CC24D0079B2EA /* face_detector_model.zzip in Resources */ = {isa = PBXBuildFile; fileRef = C97EC6F4260CC24D0079B2EA /* face_detector_model.zzip */; };
		C97EC704260CC24D0079B2EA /* face_detector_model.zzip in Resources */ = {isa = PBXBuildFile; fileRef = C97EC6F4260CC24D0079B2EA /* face_detector_model.zzip */; };
		C97EC705260CC24D0079B2EA /* BlinkID_Segmentator_general_6.14.0.strop in Resources */ = {isa = PBXBuildFile; fileRef = C97EC6F5260CC24D0079B2EA /* BlinkID_Segmentator_general_6.14.0.strop */; };
		C97EC706260CC24D0079B2EA /* BlinkID_Segmentator_general_6.14.0.strop in Resources */ = {isa = PBXBuildFile; fileRef = C97EC6F5260CC24D0079B2EA /* BlinkID_Segmentator_general_6.14.0.strop */; };
		C97EC707260CC24D0079B2EA /* BlinkID_MonochromeClassifier_general_6.0.0.strop in Resources */ = {isa = PBXBuildFile; fileRef = C97EC6F6260CC24D0079B2EA /* BlinkID_MonochromeClassifier_general_6.0.0.strop */; };
		C97EC708260CC24D0079B2EA /* BlinkID_MonochromeClassifier_general_6.0.0.strop in Resources */ = {isa = PBXBuildFile; fileRef = C97EC6F6260CC24D0079B2EA /* BlinkID_MonochromeClassifier_general_6.0.0.strop */; };
		C97EC709260CC24D0079B2EA /* BlinkID_BlurClassifier_general_6.2.0.strop in Resources */ = {isa = PBXBuildFile; fileRef = C97EC6F7260CC24D0079B2EA /* BlinkID_BlurClassifier_general_6.2.0.strop */; };
		C97EC70A260CC24D0079B2EA /* BlinkID_BlurClassifier_general_6.2.0.strop in Resources */ = {isa = PBXBuildFile; fileRef = C97EC6F7260CC24D0079B2EA /* BlinkID_BlurClassifier_general_6.2.0.strop */; };
		C97EC70B260CC24D0079B2EA /* BlinkID_Detector_general_6.6.0.strop in Resources */ = {isa = PBXBuildFile; fileRef = C97EC6F8260CC24D0079B2EA /* BlinkID_Detector_general_6.6.0.strop */; };
		C97EC70C260CC24D0079B2EA /* BlinkID_Detector_general_6.6.0.strop in Resources */ = {isa = PBXBuildFile; fileRef = C97EC6F8260CC24D0079B2EA /* BlinkID_Detector_general_6.6.0.strop */; };
		C97EC70D260CC24D0079B2EA /* BlinkID_Ocr_mrz_6.4.0.strop in Resources */ = {isa = PBXBuildFile; fileRef = C97EC6F9260CC24D0079B2EA /* BlinkID_Ocr_mrz_6.4.0.strop */; };
		C97EC70E260CC24D0079B2EA /* BlinkID_Ocr_mrz_6.4.0.strop in Resources */ = {isa = PBXBuildFile; fileRef = C97EC6F9260CC24D0079B2EA /* BlinkID_Ocr_mrz_6.4.0.strop */; };
		C97EC70F260CC24D0079B2EA /* BlinkID_Classifier_general_6.14.0.strop in Resources */ = {isa = PBXBuildFile; fileRef = C97EC6FA260CC24D0079B2EA /* BlinkID_Classifier_general_6.14.0.strop */; };
		C97EC710260CC24D0079B2EA /* BlinkID_Classifier_general_6.14.0.strop in Resources */ = {isa = PBXBuildFile; fileRef = C97EC6FA260CC24D0079B2EA /* BlinkID_Classifier_general_6.14.0.strop */; };
		C97EC711260CC24D0079B2EA /* BlinkID_Analyzer_general_6.5.0.strop in Resources */ = {isa = PBXBuildFile; fileRef = C97EC6FB260CC24D0079B2EA /* BlinkID_Analyzer_general_6.5.0.strop */; };
		C97EC712260CC24D0079B2EA /* BlinkID_Analyzer_general_6.5.0.strop in Resources */ = {isa = PBXBuildFile; fileRef = C97EC6FB260CC24D0079B2EA /* BlinkID_Analyzer_general_6.5.0.strop */; };
		C97EC713260CC24D0079B2EA /* BlinkID_Ocr_general_6.13.0.strop in Resources */ = {isa = PBXBuildFile; fileRef = C97EC6FC260CC24D0079B2EA /* BlinkID_Ocr_general_6.13.0.strop */; };
		C97EC714260CC24D0079B2EA /* BlinkID_Ocr_general_6.13.0.strop in Resources */ = {isa = PBXBuildFile; fileRef = C97EC6FC260CC24D0079B2EA /* BlinkID_Ocr_general_6.13.0.strop */; };
		C9A368FD25D53427000871AD /* RecognizerApi.xcframework in Frameworks */ = {isa = PBXBuildFile; fileRef = C9A368FB25D53427000871AD /* RecognizerApi.xcframework */; };
		C9A368FE25D5344D000871AD /* RecognizerApi.xcframework in Frameworks */ = {isa = PBXBuildFile; fileRef = C9A368FB25D53427000871AD /* RecognizerApi.xcframework */; };
		C9A368FF25D5344D000871AD /* RecognizerApi.xcframework in Embed Frameworks */ = {isa = PBXBuildFile; fileRef = C9A368FB25D53427000871AD /* RecognizerApi.xcframework */; settings = {ATTRIBUTES = (RemoveHeadersOnCopy, ); }; };
/* End PBXBuildFile section */

/* Begin PBXContainerItemProxy section */
		C900CCE124E57EDE000E2AEF /* PBXContainerItemProxy */ = {
			isa = PBXContainerItemProxy;
			containerPortal = C956CDA421CD5CA0003B4B6F /* Project object */;
			proxyType = 1;
			remoteGlobalIDString = C956CDAB21CD5CA0003B4B6F;
			remoteInfo = Demo;
		};
/* End PBXContainerItemProxy section */

/* Begin PBXCopyFilesBuildPhase section */
		C956CDD821CD6421003B4B6F /* Embed Frameworks */ = {
			isa = PBXCopyFilesBuildPhase;
			buildActionMask = 2147483647;
			dstPath = "";
			dstSubfolderSpec = 10;
			files = (
				C9A368FF25D5344D000871AD /* RecognizerApi.xcframework in Embed Frameworks */,
			);
			name = "Embed Frameworks";
			runOnlyForDeploymentPostprocessing = 0;
		};
/* End PBXCopyFilesBuildPhase section */

/* Begin PBXFileReference section */
		B449ABF226241AB300DBBF56 /* RecognizerViewController.m */ = {isa = PBXFileReference; explicitFileType = sourcecode.cpp.objcpp; path = RecognizerViewController.m; sourceTree = "<group>"; };
		B449ABF526241ABE00DBBF56 /* RecognizerViewController.h */ = {isa = PBXFileReference; lastKnownFileType = sourcecode.c.h; path = RecognizerViewController.h; sourceTree = "<group>"; };
		B449AC16262489D000DBBF56 /* AVFoundation.framework */ = {isa = PBXFileReference; lastKnownFileType = wrapper.framework; name = AVFoundation.framework; path = Platforms/MacOSX.platform/Developer/SDKs/MacOSX11.1.sdk/System/Library/Frameworks/AVFoundation.framework; sourceTree = DEVELOPER_DIR; };
		B449AC19262489F300DBBF56 /* CoreMedia.framework */ = {isa = PBXFileReference; lastKnownFileType = wrapper.framework; name = CoreMedia.framework; path = Platforms/MacOSX.platform/Developer/SDKs/MacOSX11.1.sdk/System/Library/Frameworks/CoreMedia.framework; sourceTree = DEVELOPER_DIR; };
		B449AC1F262493CA00DBBF56 /* MBImageRecognizer.h */ = {isa = PBXFileReference; lastKnownFileType = sourcecode.c.h; path = MBImageRecognizer.h; sourceTree = "<group>"; };
		B449AC212624943600DBBF56 /* MBImageRecognizer.m */ = {isa = PBXFileReference; lastKnownFileType = sourcecode.c.objc; path = MBImageRecognizer.m; sourceTree = "<group>"; };
		C900CCDC24E57EDE000E2AEF /* DemoTests.xctest */ = {isa = PBXFileReference; explicitFileType = wrapper.cfbundle; includeInIndex = 0; path = DemoTests.xctest; sourceTree = BUILT_PRODUCTS_DIR; };
		C900CCE024E57EDE000E2AEF /* Info.plist */ = {isa = PBXFileReference; lastKnownFileType = text.plist.xml; path = Info.plist; sourceTree = "<group>"; };
		C938045D24E2A15C0060507E /* id.jpg */ = {isa = PBXFileReference; lastKnownFileType = image.jpeg; name = id.jpg; path = ../../../../src/demo/id.jpg; sourceTree = "<group>"; };
		C938049524E2DF710060507E /* MBRecognitionResult.h */ = {isa = PBXFileReference; fileEncoding = 4; lastKnownFileType = sourcecode.c.h; path = MBRecognitionResult.h; sourceTree = "<group>"; };
		C938049724E2DF710060507E /* MBRecognitionResult.m */ = {isa = PBXFileReference; fileEncoding = 4; lastKnownFileType = sourcecode.c.objc; path = MBRecognitionResult.m; sourceTree = "<group>"; };
		C938049A24E2DF7C0060507E /* BlinkIDTests.m */ = {isa = PBXFileReference; fileEncoding = 4; lastKnownFileType = sourcecode.c.objc; path = BlinkIDTests.m; sourceTree = "<group>"; };
		C938049B24E2DF7C0060507E /* Demo.xctestplan */ = {isa = PBXFileReference; fileEncoding = 4; lastKnownFileType = text; path = Demo.xctestplan; sourceTree = "<group>"; };
		C956CDAC21CD5CA0003B4B6F /* Demo.app */ = {isa = PBXFileReference; explicitFileType = wrapper.application; includeInIndex = 0; path = Demo.app; sourceTree = BUILT_PRODUCTS_DIR; };
		C956CDAF21CD5CA0003B4B6F /* AppDelegate.h */ = {isa = PBXFileReference; lastKnownFileType = sourcecode.c.h; path = AppDelegate.h; sourceTree = "<group>"; };
		C956CDB021CD5CA0003B4B6F /* AppDelegate.m */ = {isa = PBXFileReference; lastKnownFileType = sourcecode.c.objc; path = AppDelegate.m; sourceTree = "<group>"; };
		C956CDB621CD5CA0003B4B6F /* Base */ = {isa = PBXFileReference; lastKnownFileType = file.storyboard; name = Base; path = Base.lproj/Main.storyboard; sourceTree = "<group>"; };
		C956CDB821CD5CA2003B4B6F /* Assets.xcassets */ = {isa = PBXFileReference; lastKnownFileType = folder.assetcatalog; path = Assets.xcassets; sourceTree = "<group>"; };
		C956CDBB21CD5CA2003B4B6F /* Base */ = {isa = PBXFileReference; lastKnownFileType = file.storyboard; name = Base; path = Base.lproj/LaunchScreen.storyboard; sourceTree = "<group>"; };
		C956CDBD21CD5CA2003B4B6F /* Info.plist */ = {isa = PBXFileReference; lastKnownFileType = text.plist.xml; path = Info.plist; sourceTree = "<group>"; };
		C956CDBE21CD5CA2003B4B6F /* main.m */ = {isa = PBXFileReference; lastKnownFileType = sourcecode.c.objc; path = main.m; sourceTree = "<group>"; };
		C97EC6F1260CC24D0079B2EA /* ccc_lookup_table.zzip */ = {isa = PBXFileReference; lastKnownFileType = file; path = ccc_lookup_table.zzip; sourceTree = "<group>"; };
		C97EC6F2260CC24D0079B2EA /* BlinkID_MoireClassifier_malaysia_6.0.0.strop */ = {isa = PBXFileReference; lastKnownFileType = file; path = BlinkID_MoireClassifier_malaysia_6.0.0.strop; sourceTree = "<group>"; };
		C97EC6F3260CC24D0079B2EA /* BlinkID_RotationClassifier_general_6.2.0.strop */ = {isa = PBXFileReference; lastKnownFileType = file; path = BlinkID_RotationClassifier_general_6.2.0.strop; sourceTree = "<group>"; };
		C97EC6F4260CC24D0079B2EA /* face_detector_model.zzip */ = {isa = PBXFileReference; lastKnownFileType = file; path = face_detector_model.zzip; sourceTree = "<group>"; };
		C97EC6F5260CC24D0079B2EA /* BlinkID_Segmentator_general_6.14.0.strop */ = {isa = PBXFileReference; lastKnownFileType = file; path = BlinkID_Segmentator_general_6.14.0.strop; sourceTree = "<group>"; };
		C97EC6F6260CC24D0079B2EA /* BlinkID_MonochromeClassifier_general_6.0.0.strop */ = {isa = PBXFileReference; lastKnownFileType = file; path = BlinkID_MonochromeClassifier_general_6.0.0.strop; sourceTree = "<group>"; };
		C97EC6F7260CC24D0079B2EA /* BlinkID_BlurClassifier_general_6.2.0.strop */ = {isa = PBXFileReference; lastKnownFileType = file; path = BlinkID_BlurClassifier_general_6.2.0.strop; sourceTree = "<group>"; };
		C97EC6F8260CC24D0079B2EA /* BlinkID_Detector_general_6.6.0.strop */ = {isa = PBXFileReference; lastKnownFileType = file; path = BlinkID_Detector_general_6.6.0.strop; sourceTree = "<group>"; };
		C97EC6F9260CC24D0079B2EA /* BlinkID_Ocr_mrz_6.4.0.strop */ = {isa = PBXFileReference; lastKnownFileType = file; path = BlinkID_Ocr_mrz_6.4.0.strop; sourceTree = "<group>"; };
		C97EC6FA260CC24D0079B2EA /* BlinkID_Classifier_general_6.14.0.strop */ = {isa = PBXFileReference; lastKnownFileType = file; path = BlinkID_Classifier_general_6.14.0.strop; sourceTree = "<group>"; };
		C97EC6FB260CC24D0079B2EA /* BlinkID_Analyzer_general_6.5.0.strop */ = {isa = PBXFileReference; lastKnownFileType = file; path = BlinkID_Analyzer_general_6.5.0.strop; sourceTree = "<group>"; };
		C97EC6FC260CC24D0079B2EA /* BlinkID_Ocr_general_6.13.0.strop */ = {isa = PBXFileReference; lastKnownFileType = file; path = BlinkID_Ocr_general_6.13.0.strop; sourceTree = "<group>"; };
		C9A368FB25D53427000871AD /* RecognizerApi.xcframework */ = {isa = PBXFileReference; lastKnownFileType = wrapper.xcframework; name = RecognizerApi.xcframework; path = ../../../../../lib/iOS/RecognizerApi.xcframework; sourceTree = "<group>"; };
		C9A3690325D5350E000871AD /* Demo.entitlements */ = {isa = PBXFileReference; lastKnownFileType = text.plist.entitlements; path = Demo.entitlements; sourceTree = "<group>"; };
/* End PBXFileReference section */

/* Begin PBXFrameworksBuildPhase section */
		C900CCD924E57EDE000E2AEF /* Frameworks */ = {
			isa = PBXFrameworksBuildPhase;
			buildActionMask = 2147483647;
			files = (
				C9A368FD25D53427000871AD /* RecognizerApi.xcframework in Frameworks */,
			);
			runOnlyForDeploymentPostprocessing = 0;
		};
		C956CDA921CD5CA0003B4B6F /* Frameworks */ = {
			isa = PBXFrameworksBuildPhase;
			buildActionMask = 2147483647;
			files = (
				B449AC1A262489F300DBBF56 /* CoreMedia.framework in Frameworks */,
				B449AC17262489D000DBBF56 /* AVFoundation.framework in Frameworks */,
				C9A368FE25D5344D000871AD /* RecognizerApi.xcframework in Frameworks */,
			);
			runOnlyForDeploymentPostprocessing = 0;
		};
/* End PBXFrameworksBuildPhase section */

/* Begin PBXGroup section */
		C900CCDD24E57EDE000E2AEF /* DemoTests */ = {
			isa = PBXGroup;
			children = (
				C900CCE024E57EDE000E2AEF /* Info.plist */,
			);
			path = DemoTests;
			sourceTree = "<group>";
		};
		C956CDA321CD5CA0003B4B6F = {
			isa = PBXGroup;
			children = (
				C956CDCB21CD5DFC003B4B6F /* Resources */,
				C956CDAE21CD5CA0003B4B6F /* Demo */,
				C900CCDD24E57EDE000E2AEF /* DemoTests */,
				C956CDC521CD5CDE003B4B6F /* Frameworks */,
				C956CDAD21CD5CA0003B4B6F /* Products */,
			);
			sourceTree = "<group>";
		};
		C956CDAD21CD5CA0003B4B6F /* Products */ = {
			isa = PBXGroup;
			children = (
				C956CDAC21CD5CA0003B4B6F /* Demo.app */,
				C900CCDC24E57EDE000E2AEF /* DemoTests.xctest */,
			);
			name = Products;
			sourceTree = "<group>";
		};
		C956CDAE21CD5CA0003B4B6F /* Demo */ = {
			isa = PBXGroup;
			children = (
				C9A3690325D5350E000871AD /* Demo.entitlements */,
				C956CDAF21CD5CA0003B4B6F /* AppDelegate.h */,
				C956CDB021CD5CA0003B4B6F /* AppDelegate.m */,
				B449ABF526241ABE00DBBF56 /* RecognizerViewController.h */,
				B449ABF226241AB300DBBF56 /* RecognizerViewController.m */,
				B449AC1F262493CA00DBBF56 /* MBImageRecognizer.h */,
				B449AC212624943600DBBF56 /* MBImageRecognizer.m */,
				C938049524E2DF710060507E /* MBRecognitionResult.h */,
				C938049724E2DF710060507E /* MBRecognitionResult.m */,
				C938049A24E2DF7C0060507E /* BlinkIDTests.m */,
				C938049B24E2DF7C0060507E /* Demo.xctestplan */,
				C956CDB521CD5CA0003B4B6F /* Main.storyboard */,
				C956CDB821CD5CA2003B4B6F /* Assets.xcassets */,
				C956CDBA21CD5CA2003B4B6F /* LaunchScreen.storyboard */,
				C956CDBD21CD5CA2003B4B6F /* Info.plist */,
				C956CDBE21CD5CA2003B4B6F /* main.m */,
			);
			path = Demo;
			sourceTree = "<group>";
		};
		C956CDC521CD5CDE003B4B6F /* Frameworks */ = {
			isa = PBXGroup;
			children = (
				B449AC19262489F300DBBF56 /* CoreMedia.framework */,
				B449AC16262489D000DBBF56 /* AVFoundation.framework */,
				C9A368FB25D53427000871AD /* RecognizerApi.xcframework */,
			);
			path = Frameworks;
			sourceTree = "<group>";
		};
		C956CDCB21CD5DFC003B4B6F /* Resources */ = {
			isa = PBXGroup;
			children = (
				C97EC6F0260CC24D0079B2EA /* non-android */,
				C938045D24E2A15C0060507E /* id.jpg */,
			);
			path = Resources;
			sourceTree = "<group>";
		};
		C97EC6F0260CC24D0079B2EA /* non-android */ = {
			isa = PBXGroup;
			children = (
				C97EC6F1260CC24D0079B2EA /* ccc_lookup_table.zzip */,
				C97EC6F2260CC24D0079B2EA /* BlinkID_MoireClassifier_malaysia_6.0.0.strop */,
				C97EC6F3260CC24D0079B2EA /* BlinkID_RotationClassifier_general_6.2.0.strop */,
				C97EC6F4260CC24D0079B2EA /* face_detector_model.zzip */,
				C97EC6F5260CC24D0079B2EA /* BlinkID_Segmentator_general_6.14.0.strop */,
				C97EC6F6260CC24D0079B2EA /* BlinkID_MonochromeClassifier_general_6.0.0.strop */,
				C97EC6F7260CC24D0079B2EA /* BlinkID_BlurClassifier_general_6.2.0.strop */,
				C97EC6F8260CC24D0079B2EA /* BlinkID_Detector_general_6.6.0.strop */,
				C97EC6F9260CC24D0079B2EA /* BlinkID_Ocr_mrz_6.4.0.strop */,
				C97EC6FA260CC24D0079B2EA /* BlinkID_Classifier_general_6.14.0.strop */,
				C97EC6FB260CC24D0079B2EA /* BlinkID_Analyzer_general_6.5.0.strop */,
				C97EC6FC260CC24D0079B2EA /* BlinkID_Ocr_general_6.13.0.strop */,
			);
			name = "non-android";
			path = "../../../../../resources/non-android";
			sourceTree = "<group>";
		};
/* End PBXGroup section */

/* Begin PBXNativeTarget section */
		C900CCDB24E57EDE000E2AEF /* DemoTests */ = {
			isa = PBXNativeTarget;
			buildConfigurationList = C900CCE324E57EDE000E2AEF /* Build configuration list for PBXNativeTarget "DemoTests" */;
			buildPhases = (
				C900CCD824E57EDE000E2AEF /* Sources */,
				C900CCD924E57EDE000E2AEF /* Frameworks */,
				C900CCDA24E57EDE000E2AEF /* Resources */,
			);
			buildRules = (
			);
			dependencies = (
				C900CCE224E57EDE000E2AEF /* PBXTargetDependency */,
			);
			name = DemoTests;
			productName = DemoTests;
			productReference = C900CCDC24E57EDE000E2AEF /* DemoTests.xctest */;
			productType = "com.apple.product-type.bundle.unit-test";
		};
		C956CDAB21CD5CA0003B4B6F /* Demo */ = {
			isa = PBXNativeTarget;
			buildConfigurationList = C956CDC221CD5CA2003B4B6F /* Build configuration list for PBXNativeTarget "Demo" */;
			buildPhases = (
				C956CDA821CD5CA0003B4B6F /* Sources */,
				C956CDA921CD5CA0003B4B6F /* Frameworks */,
				C956CDAA21CD5CA0003B4B6F /* Resources */,
				C956CDD821CD6421003B4B6F /* Embed Frameworks */,
			);
			buildRules = (
			);
			dependencies = (
			);
			name = Demo;
			productName = Demo;
			productReference = C956CDAC21CD5CA0003B4B6F /* Demo.app */;
			productType = "com.apple.product-type.application";
		};
/* End PBXNativeTarget section */

/* Begin PBXProject section */
		C956CDA421CD5CA0003B4B6F /* Project object */ = {
			isa = PBXProject;
			attributes = {
				LastUpgradeCheck = 1010;
				ORGANIZATIONNAME = Microblink;
				TargetAttributes = {
					C900CCDB24E57EDE000E2AEF = {
						CreatedOnToolsVersion = 11.6;
						TestTargetID = C956CDAB21CD5CA0003B4B6F;
					};
					C956CDAB21CD5CA0003B4B6F = {
						CreatedOnToolsVersion = 10.1;
					};
				};
			};
			buildConfigurationList = C956CDA721CD5CA0003B4B6F /* Build configuration list for PBXProject "Demo" */;
			compatibilityVersion = "Xcode 12.0";
			developmentRegion = en;
			hasScannedForEncodings = 0;
			knownRegions = (
				en,
				Base,
			);
			mainGroup = C956CDA321CD5CA0003B4B6F;
			productRefGroup = C956CDAD21CD5CA0003B4B6F /* Products */;
			projectDirPath = "";
			projectRoot = "";
			targets = (
				C956CDAB21CD5CA0003B4B6F /* Demo */,
				C900CCDB24E57EDE000E2AEF /* DemoTests */,
			);
		};
/* End PBXProject section */

/* Begin PBXResourcesBuildPhase section */
		C900CCDA24E57EDE000E2AEF /* Resources */ = {
			isa = PBXResourcesBuildPhase;
			buildActionMask = 2147483647;
			files = (
				C97EC710260CC24D0079B2EA /* BlinkID_Classifier_general_6.14.0.strop in Resources */,
				C97EC708260CC24D0079B2EA /* BlinkID_MonochromeClassifier_general_6.0.0.strop in Resources */,
				C97EC70E260CC24D0079B2EA /* BlinkID_Ocr_mrz_6.4.0.strop in Resources */,
				C97EC70A260CC24D0079B2EA /* BlinkID_BlurClassifier_general_6.2.0.strop in Resources */,
				C97EC700260CC24D0079B2EA /* BlinkID_MoireClassifier_malaysia_6.0.0.strop in Resources */,
				C97EC712260CC24D0079B2EA /* BlinkID_Analyzer_general_6.5.0.strop in Resources */,
				C97EC706260CC24D0079B2EA /* BlinkID_Segmentator_general_6.14.0.strop in Resources */,
				C97EC70C260CC24D0079B2EA /* BlinkID_Detector_general_6.6.0.strop in Resources */,
				C97EC702260CC24D0079B2EA /* BlinkID_RotationClassifier_general_6.2.0.strop in Resources */,
				C97EC6FE260CC24D0079B2EA /* ccc_lookup_table.zzip in Resources */,
				C97EC714260CC24D0079B2EA /* BlinkID_Ocr_general_6.13.0.strop in Resources */,
				C97EC704260CC24D0079B2EA /* face_detector_model.zzip in Resources */,
			);
			runOnlyForDeploymentPostprocessing = 0;
		};
		C956CDAA21CD5CA0003B4B6F /* Resources */ = {
			isa = PBXResourcesBuildPhase;
			buildActionMask = 2147483647;
			files = (
				C97EC701260CC24D0079B2EA /* BlinkID_RotationClassifier_general_6.2.0.strop in Resources */,
				C97EC705260CC24D0079B2EA /* BlinkID_Segmentator_general_6.14.0.strop in Resources */,
				C938045E24E2A15C0060507E /* id.jpg in Resources */,
				C956CDBC21CD5CA2003B4B6F /* LaunchScreen.storyboard in Resources */,
				C97EC70B260CC24D0079B2EA /* BlinkID_Detector_general_6.6.0.strop in Resources */,
				C97EC703260CC24D0079B2EA /* face_detector_model.zzip in Resources */,
				C97EC70D260CC24D0079B2EA /* BlinkID_Ocr_mrz_6.4.0.strop in Resources */,
				C956CDB921CD5CA2003B4B6F /* Assets.xcassets in Resources */,
				C97EC6FF260CC24D0079B2EA /* BlinkID_MoireClassifier_malaysia_6.0.0.strop in Resources */,
				C97EC6FD260CC24D0079B2EA /* ccc_lookup_table.zzip in Resources */,
				C97EC709260CC24D0079B2EA /* BlinkID_BlurClassifier_general_6.2.0.strop in Resources */,
				C97EC707260CC24D0079B2EA /* BlinkID_MonochromeClassifier_general_6.0.0.strop in Resources */,
				C97EC711260CC24D0079B2EA /* BlinkID_Analyzer_general_6.5.0.strop in Resources */,
				C97EC70F260CC24D0079B2EA /* BlinkID_Classifier_general_6.14.0.strop in Resources */,
				C938049D24E2DF7C0060507E /* Demo.xctestplan in Resources */,
				C97EC713260CC24D0079B2EA /* BlinkID_Ocr_general_6.13.0.strop in Resources */,
				C956CDB721CD5CA0003B4B6F /* Main.storyboard in Resources */,
			);
			runOnlyForDeploymentPostprocessing = 0;
		};
/* End PBXResourcesBuildPhase section */

/* Begin PBXSourcesBuildPhase section */
		C900CCD824E57EDE000E2AEF /* Sources */ = {
			isa = PBXSourcesBuildPhase;
			buildActionMask = 2147483647;
			files = (
				B449AC2D2625A6EF00DBBF56 /* MBImageRecognizer.m in Sources */,
				C900CCE624E57F37000E2AEF /* BlinkIDTests.m in Sources */,
				C900CCE924E57F6B000E2AEF /* MBRecognitionResult.m in Sources */,
			);
			runOnlyForDeploymentPostprocessing = 0;
		};
		C956CDA821CD5CA0003B4B6F /* Sources */ = {
			isa = PBXSourcesBuildPhase;
			buildActionMask = 2147483647;
			files = (
				C938049924E2DF710060507E /* MBRecognitionResult.m in Sources */,
				C956CDBF21CD5CA2003B4B6F /* main.m in Sources */,
				B449ABF326241AB300DBBF56 /* RecognizerViewController.m in Sources */,
				C956CDB121CD5CA0003B4B6F /* AppDelegate.m in Sources */,
				B449AC222624943600DBBF56 /* MBImageRecognizer.m in Sources */,
			);
			runOnlyForDeploymentPostprocessing = 0;
		};
/* End PBXSourcesBuildPhase section */

/* Begin PBXTargetDependency section */
		C900CCE224E57EDE000E2AEF /* PBXTargetDependency */ = {
			isa = PBXTargetDependency;
			target = C956CDAB21CD5CA0003B4B6F /* Demo */;
			targetProxy = C900CCE124E57EDE000E2AEF /* PBXContainerItemProxy */;
		};
/* End PBXTargetDependency section */

/* Begin PBXVariantGroup section */
		C956CDB521CD5CA0003B4B6F /* Main.storyboard */ = {
			isa = PBXVariantGroup;
			children = (
				C956CDB621CD5CA0003B4B6F /* Base */,
			);
			name = Main.storyboard;
			sourceTree = "<group>";
		};
		C956CDBA21CD5CA2003B4B6F /* LaunchScreen.storyboard */ = {
			isa = PBXVariantGroup;
			children = (
				C956CDBB21CD5CA2003B4B6F /* Base */,
			);
			name = LaunchScreen.storyboard;
			sourceTree = "<group>";
		};
/* End PBXVariantGroup section */

/* Begin XCBuildConfiguration section */
		C900CCE424E57EDE000E2AEF /* Debug */ = {
			isa = XCBuildConfiguration;
			buildSettings = {
				BUNDLE_LOADER = "$(TEST_HOST)";
				CODE_SIGN_STYLE = Automatic;
				DEVELOPMENT_TEAM = CQTJWP89J7;
				INFOPLIST_FILE = DemoTests/Info.plist;
				IPHONEOS_DEPLOYMENT_TARGET = 9.0;
				LD_RUNPATH_SEARCH_PATHS = (
					"$(inherited)",
					"@executable_path/Frameworks",
					"@loader_path/Frameworks",
				);
				PRODUCT_BUNDLE_IDENTIFIER = Microblink.DemoTests;
				PRODUCT_NAME = "$(TARGET_NAME)";
				TARGETED_DEVICE_FAMILY = "1,2";
				TEST_HOST = "$(BUILT_PRODUCTS_DIR)/Demo.app/Demo";
			};
			name = Debug;
		};
		C900CCE524E57EDE000E2AEF /* Release */ = {
			isa = XCBuildConfiguration;
			buildSettings = {
				BUNDLE_LOADER = "$(TEST_HOST)";
				CODE_SIGN_STYLE = Automatic;
				DEVELOPMENT_TEAM = CQTJWP89J7;
				INFOPLIST_FILE = DemoTests/Info.plist;
				IPHONEOS_DEPLOYMENT_TARGET = 9.0;
				LD_RUNPATH_SEARCH_PATHS = (
					"$(inherited)",
					"@executable_path/Frameworks",
					"@loader_path/Frameworks",
				);
				PRODUCT_BUNDLE_IDENTIFIER = Microblink.DemoTests;
				PRODUCT_NAME = "$(TARGET_NAME)";
				TARGETED_DEVICE_FAMILY = "1,2";
				TEST_HOST = "$(BUILT_PRODUCTS_DIR)/Demo.app/Demo";
			};
			name = Release;
		};
		C956CDC021CD5CA2003B4B6F /* Debug */ = {
			isa = XCBuildConfiguration;
			buildSettings = {
				ALWAYS_SEARCH_USER_PATHS = NO;
				CLANG_ANALYZER_NONNULL = YES;
				CLANG_ANALYZER_NUMBER_OBJECT_CONVERSION = YES_AGGRESSIVE;
				CLANG_CXX_LANGUAGE_STANDARD = "gnu++14";
				CLANG_CXX_LIBRARY = "libc++";
				CLANG_ENABLE_MODULES = YES;
				CLANG_ENABLE_OBJC_ARC = YES;
				CLANG_ENABLE_OBJC_WEAK = YES;
				CLANG_WARN_BLOCK_CAPTURE_AUTORELEASING = YES;
				CLANG_WARN_BOOL_CONVERSION = YES;
				CLANG_WARN_COMMA = YES;
				CLANG_WARN_CONSTANT_CONVERSION = YES;
				CLANG_WARN_DEPRECATED_OBJC_IMPLEMENTATIONS = YES;
				CLANG_WARN_DIRECT_OBJC_ISA_USAGE = YES_ERROR;
				CLANG_WARN_DOCUMENTATION_COMMENTS = YES;
				CLANG_WARN_EMPTY_BODY = YES;
				CLANG_WARN_ENUM_CONVERSION = YES;
				CLANG_WARN_INFINITE_RECURSION = YES;
				CLANG_WARN_INT_CONVERSION = YES;
				CLANG_WARN_NON_LITERAL_NULL_CONVERSION = YES;
				CLANG_WARN_OBJC_IMPLICIT_RETAIN_SELF = YES;
				CLANG_WARN_OBJC_LITERAL_CONVERSION = YES;
				CLANG_WARN_OBJC_ROOT_CLASS = YES_ERROR;
				CLANG_WARN_RANGE_LOOP_ANALYSIS = YES;
				CLANG_WARN_STRICT_PROTOTYPES = YES;
				CLANG_WARN_SUSPICIOUS_MOVE = YES;
				CLANG_WARN_UNGUARDED_AVAILABILITY = YES_AGGRESSIVE;
				CLANG_WARN_UNREACHABLE_CODE = YES;
				CLANG_WARN__DUPLICATE_METHOD_MATCH = YES;
				CODE_SIGN_IDENTITY = "iPhone Developer";
				COPY_PHASE_STRIP = NO;
				DEBUG_INFORMATION_FORMAT = dwarf;
				ENABLE_STRICT_OBJC_MSGSEND = YES;
				ENABLE_TESTABILITY = YES;
				FRAMEWORK_SEARCH_PATHS = $PROJECT_DIR/../../../../lib/iOS;
				GCC_C_LANGUAGE_STANDARD = gnu11;
				GCC_DYNAMIC_NO_PIC = NO;
				GCC_NO_COMMON_BLOCKS = YES;
				GCC_OPTIMIZATION_LEVEL = 0;
				GCC_PREPROCESSOR_DEFINITIONS = (
					"DEBUG=1",
					"$(inherited)",
				);
				GCC_WARN_64_TO_32_BIT_CONVERSION = YES;
				GCC_WARN_ABOUT_RETURN_TYPE = YES_ERROR;
				GCC_WARN_UNDECLARED_SELECTOR = YES;
				GCC_WARN_UNINITIALIZED_AUTOS = YES_AGGRESSIVE;
				GCC_WARN_UNUSED_FUNCTION = YES;
				GCC_WARN_UNUSED_VARIABLE = YES;
				HEADER_SEARCH_PATHS = "$PROJECT_DIR/../../../../lib/iOS/RecognizerApi.xcframework/ios-arm64_armv7/RecognizerApi.framework/Headers";
				IPHONEOS_DEPLOYMENT_TARGET = 9.0;
				MTL_ENABLE_DEBUG_INFO = INCLUDE_SOURCE;
				MTL_FAST_MATH = YES;
				ONLY_ACTIVE_ARCH = YES;
				OTHER_CFLAGS = "";
				OTHER_CPLUSPLUSFLAGS = "$(OTHER_CFLAGS)";
				SDKROOT = iphoneos;
			};
			name = Debug;
		};
		C956CDC121CD5CA2003B4B6F /* Release */ = {
			isa = XCBuildConfiguration;
			buildSettings = {
				ALWAYS_SEARCH_USER_PATHS = NO;
				CLANG_ANALYZER_NONNULL = YES;
				CLANG_ANALYZER_NUMBER_OBJECT_CONVERSION = YES_AGGRESSIVE;
				CLANG_CXX_LANGUAGE_STANDARD = "gnu++14";
				CLANG_CXX_LIBRARY = "libc++";
				CLANG_ENABLE_MODULES = YES;
				CLANG_ENABLE_OBJC_ARC = YES;
				CLANG_ENABLE_OBJC_WEAK = YES;
				CLANG_WARN_BLOCK_CAPTURE_AUTORELEASING = YES;
				CLANG_WARN_BOOL_CONVERSION = YES;
				CLANG_WARN_COMMA = YES;
				CLANG_WARN_CONSTANT_CONVERSION = YES;
				CLANG_WARN_DEPRECATED_OBJC_IMPLEMENTATIONS = YES;
				CLANG_WARN_DIRECT_OBJC_ISA_USAGE = YES_ERROR;
				CLANG_WARN_DOCUMENTATION_COMMENTS = YES;
				CLANG_WARN_EMPTY_BODY = YES;
				CLANG_WARN_ENUM_CONVERSION = YES;
				CLANG_WARN_INFINITE_RECURSION = YES;
				CLANG_WARN_INT_CONVERSION = YES;
				CLANG_WARN_NON_LITERAL_NULL_CONVERSION = YES;
				CLANG_WARN_OBJC_IMPLICIT_RETAIN_SELF = YES;
				CLANG_WARN_OBJC_LITERAL_CONVERSION = YES;
				CLANG_WARN_OBJC_ROOT_CLASS = YES_ERROR;
				CLANG_WARN_RANGE_LOOP_ANALYSIS = YES;
				CLANG_WARN_STRICT_PROTOTYPES = YES;
				CLANG_WARN_SUSPICIOUS_MOVE = YES;
				CLANG_WARN_UNGUARDED_AVAILABILITY = YES_AGGRESSIVE;
				CLANG_WARN_UNREACHABLE_CODE = YES;
				CLANG_WARN__DUPLICATE_METHOD_MATCH = YES;
				CODE_SIGN_IDENTITY = "iPhone Developer";
				COPY_PHASE_STRIP = NO;
				DEBUG_INFORMATION_FORMAT = "dwarf-with-dsym";
				ENABLE_NS_ASSERTIONS = NO;
				ENABLE_STRICT_OBJC_MSGSEND = YES;
				FRAMEWORK_SEARCH_PATHS = $PROJECT_DIR/../../../../lib/iOS;
				GCC_C_LANGUAGE_STANDARD = gnu11;
				GCC_NO_COMMON_BLOCKS = YES;
				GCC_WARN_64_TO_32_BIT_CONVERSION = YES;
				GCC_WARN_ABOUT_RETURN_TYPE = YES_ERROR;
				GCC_WARN_UNDECLARED_SELECTOR = YES;
				GCC_WARN_UNINITIALIZED_AUTOS = YES_AGGRESSIVE;
				GCC_WARN_UNUSED_FUNCTION = YES;
				GCC_WARN_UNUSED_VARIABLE = YES;
				HEADER_SEARCH_PATHS = "$PROJECT_DIR/../../../../lib/iOS/RecognizerApi.xcframework/ios-arm64_armv7/RecognizerApi.framework/Headers";
				IPHONEOS_DEPLOYMENT_TARGET = 9.0;
				MTL_ENABLE_DEBUG_INFO = NO;
				MTL_FAST_MATH = YES;
				OTHER_CFLAGS = "";
				OTHER_CPLUSPLUSFLAGS = "$(OTHER_CFLAGS)";
				SDKROOT = iphoneos;
				VALIDATE_PRODUCT = YES;
			};
			name = Release;
		};
		C956CDC321CD5CA2003B4B6F /* Debug */ = {
			isa = XCBuildConfiguration;
			buildSettings = {
				ASSETCATALOG_COMPILER_APPICON_NAME = AppIcon;
				CODE_SIGN_ENTITLEMENTS = Demo/Demo.entitlements;
				CODE_SIGN_STYLE = Automatic;
				DEVELOPMENT_TEAM = CQTJWP89J7;
				INFOPLIST_FILE = Demo/Info.plist;
				IPHONEOS_DEPLOYMENT_TARGET = 9.0;
				LD_RUNPATH_SEARCH_PATHS = (
					"$(inherited)",
					"@executable_path/Frameworks",
				);
				PRODUCT_BUNDLE_IDENTIFIER = Microblink.BlinkIDDemo;
				PRODUCT_NAME = "$(TARGET_NAME)";
				SUPPORTS_MACCATALYST = YES;
				TARGETED_DEVICE_FAMILY = "1,2";
			};
			name = Debug;
		};
		C956CDC421CD5CA2003B4B6F /* Release */ = {
			isa = XCBuildConfiguration;
			buildSettings = {
				ASSETCATALOG_COMPILER_APPICON_NAME = AppIcon;
				CODE_SIGN_ENTITLEMENTS = Demo/Demo.entitlements;
				CODE_SIGN_STYLE = Automatic;
				DEVELOPMENT_TEAM = CQTJWP89J7;
				INFOPLIST_FILE = Demo/Info.plist;
				IPHONEOS_DEPLOYMENT_TARGET = 9.0;
				LD_RUNPATH_SEARCH_PATHS = (
					"$(inherited)",
					"@executable_path/Frameworks",
				);
				PRODUCT_BUNDLE_IDENTIFIER = Microblink.BlinkIDDemo;
				PRODUCT_NAME = "$(TARGET_NAME)";
				SUPPORTS_MACCATALYST = YES;
				TARGETED_DEVICE_FAMILY = "1,2";
			};
			name = Release;
		};
/* End XCBuildConfiguration section */

/* Begin XCConfigurationList section */
		C900CCE324E57EDE000E2AEF /* Build configuration list for PBXNativeTarget "DemoTests" */ = {
			isa = XCConfigurationList;
			buildConfigurations = (
				C900CCE424E57EDE000E2AEF /* Debug */,
				C900CCE524E57EDE000E2AEF /* Release */,
			);
			defaultConfigurationIsVisible = 0;
			defaultConfigurationName = Release;
		};
		C956CDA721CD5CA0003B4B6F /* Build configuration list for PBXProject "Demo" */ = {
			isa = XCConfigurationList;
			buildConfigurations = (
				C956CDC021CD5CA2003B4B6F /* Debug */,
				C956CDC121CD5CA2003B4B6F /* Release */,
			);
			defaultConfigurationIsVisible = 0;
			defaultConfigurationName = Release;
		};
		C956CDC221CD5CA2003B4B6F /* Build configuration list for PBXNativeTarget "Demo" */ = {
			isa = XCConfigurationList;
			buildConfigurations = (
				C956CDC321CD5CA2003B4B6F /* Debug */,
				C956CDC421CD5CA2003B4B6F /* Release */,
			);
			defaultConfigurationIsVisible = 0;
			defaultConfigurationName = Release;
		};
/* End XCConfigurationList section */
	};
	rootObject = C956CDA421CD5CA0003B4B6F /* Project object */;
}
