// !$*UTF8*$!
{
	archiveVersion = 1;
	classes = {
	};
	objectVersion = 54;
	objects = {

/* Begin PBXBuildFile section */
		7841FF4620445B120086F74C /* RecognizerApi.framework in Frameworks */ = {isa = PBXBuildFile; fileRef = C93BEA141EB34DE700A2216E /* RecognizerApi.framework */; };
		7841FF4A20445B120086F74C /* RecognizerApi.framework in Copy Framework */ = {isa = PBXBuildFile; fileRef = C93BEA141EB34DE700A2216E /* RecognizerApi.framework */; };
		7841FF5620445B480086F74C /* demo.c in Sources */ = {isa = PBXBuildFile; fileRef = 7841FF5520445B480086F74C /* demo.c */; };
		C959E39F24E43A7500E1424A /* id.jpg in Copy Demo Images */ = {isa = PBXBuildFile; fileRef = C959E39E24E43A6F00E1424A /* id.jpg */; };
		C9837C35252336A900A7EC56 /* ccc_lookup_table.zzip in Copy Resources */ = {isa = PBXBuildFile; fileRef = C9837C292523369600A7EC56 /* ccc_lookup_table.zzip */; };
		C9837C36252336A900A7EC56 /* Model_141118c0becd849c17db70ccc43c26d657598b76e2406e690660574e27ec2854.strop in Copy Resources */ = {isa = PBXBuildFile; fileRef = C9837C2A2523369600A7EC56 /* Model_141118c0becd849c17db70ccc43c26d657598b76e2406e690660574e27ec2854.strop */; };
		C9837C37252336A900A7EC56 /* Model_6fcfcf65470175835ad25f62811d30a830eae72672962cfcdcac88cda8b91b9d.strop in Copy Resources */ = {isa = PBXBuildFile; fileRef = C9837C2B2523369600A7EC56 /* Model_6fcfcf65470175835ad25f62811d30a830eae72672962cfcdcac88cda8b91b9d.strop */; };
		C9837C38252336A900A7EC56 /* Model_e4f1f62f68ec44b71ecad3fb3f3b48fe3790beb5ab325611e17d63af06e9f644.strop in Copy Resources */ = {isa = PBXBuildFile; fileRef = C9837C2C2523369600A7EC56 /* Model_e4f1f62f68ec44b71ecad3fb3f3b48fe3790beb5ab325611e17d63af06e9f644.strop */; };
		C9837C39252336A900A7EC56 /* face_detector_model.zzip in Copy Resources */ = {isa = PBXBuildFile; fileRef = C9837C2D2523369600A7EC56 /* face_detector_model.zzip */; };
		C9837C3A252336A900A7EC56 /* Model_2880751121560047e6dc571bc8ff4683aeb863886f7c0789234594ceb1e23577.strop in Copy Resources */ = {isa = PBXBuildFile; fileRef = C9837C2E2523369600A7EC56 /* Model_2880751121560047e6dc571bc8ff4683aeb863886f7c0789234594ceb1e23577.strop */; };
		C9837C3B252336A900A7EC56 /* Model_a3df4ea01179026ff7879c27ceec653d59d062c20eaaed021e1000d18879f2a1.strop in Copy Resources */ = {isa = PBXBuildFile; fileRef = C9837C2F2523369600A7EC56 /* Model_a3df4ea01179026ff7879c27ceec653d59d062c20eaaed021e1000d18879f2a1.strop */; };
		C9837C3C252336A900A7EC56 /* Model_faf688599c7e261a2a7404730f69ed029115bb0d3e7a3657731d88e701720efe.strop in Copy Resources */ = {isa = PBXBuildFile; fileRef = C9837C302523369600A7EC56 /* Model_faf688599c7e261a2a7404730f69ed029115bb0d3e7a3657731d88e701720efe.strop */; };
		C9837C3D252336A900A7EC56 /* Model_36d8e94f4cb46097bd6b7385f2aa91fcdee1a5fefeec59e56d1b9e82c94b00a7.strop in Copy Resources */ = {isa = PBXBuildFile; fileRef = C9837C312523369600A7EC56 /* Model_36d8e94f4cb46097bd6b7385f2aa91fcdee1a5fefeec59e56d1b9e82c94b00a7.strop */; };
		C9837C3E252336A900A7EC56 /* Model_b452fd3cd4037080cfcb4c423dba5bc58c8ceafc28427fdf9c5778fb353f088e.strop in Copy Resources */ = {isa = PBXBuildFile; fileRef = C9837C322523369600A7EC56 /* Model_b452fd3cd4037080cfcb4c423dba5bc58c8ceafc28427fdf9c5778fb353f088e.strop */; };
		C9837C3F252336A900A7EC56 /* Model_473ac5f5e256623c0a6b282698c1f1b033b9fb5359e6aa142e9fb4a4022afe4e.strop  in Copy Resources */ = {isa = PBXBuildFile; fileRef = C9837C332523369600A7EC56 /* Model_473ac5f5e256623c0a6b282698c1f1b033b9fb5359e6aa142e9fb4a4022afe4e.strop  */; };
		C9837C40252336A900A7EC56 /* Model_e2dda372088c13ba3741a0f13e7d33946d638f58b97e4cd886f0970eeccfde39.strop in Copy Resources */ = {isa = PBXBuildFile; fileRef = C9837C342523369600A7EC56 /* Model_e2dda372088c13ba3741a0f13e7d33946d638f58b97e4cd886f0970eeccfde39.strop */; };
/* End PBXBuildFile section */

/* Begin PBXCopyFilesBuildPhase section */
		7841FF4920445B120086F74C /* Copy Framework */ = {
			isa = PBXCopyFilesBuildPhase;
			buildActionMask = 2147483647;
			dstPath = "";
			dstSubfolderSpec = 16;
			files = (
				7841FF4A20445B120086F74C /* RecognizerApi.framework in Copy Framework */,
			);
			name = "Copy Framework";
			runOnlyForDeploymentPostprocessing = 0;
		};
		7841FF4B20445B120086F74C /* Copy Resources */ = {
			isa = PBXCopyFilesBuildPhase;
			buildActionMask = 2147483647;
			dstPath = "";
			dstSubfolderSpec = 16;
			files = (
				C9837C35252336A900A7EC56 /* ccc_lookup_table.zzip in Copy Resources */,
				C9837C36252336A900A7EC56 /* Model_141118c0becd849c17db70ccc43c26d657598b76e2406e690660574e27ec2854.strop in Copy Resources */,
				C9837C37252336A900A7EC56 /* Model_6fcfcf65470175835ad25f62811d30a830eae72672962cfcdcac88cda8b91b9d.strop in Copy Resources */,
				C9837C38252336A900A7EC56 /* Model_e4f1f62f68ec44b71ecad3fb3f3b48fe3790beb5ab325611e17d63af06e9f644.strop in Copy Resources */,
				C9837C39252336A900A7EC56 /* face_detector_model.zzip in Copy Resources */,
				C9837C3A252336A900A7EC56 /* Model_2880751121560047e6dc571bc8ff4683aeb863886f7c0789234594ceb1e23577.strop in Copy Resources */,
				C9837C3B252336A900A7EC56 /* Model_a3df4ea01179026ff7879c27ceec653d59d062c20eaaed021e1000d18879f2a1.strop in Copy Resources */,
				C9837C3C252336A900A7EC56 /* Model_faf688599c7e261a2a7404730f69ed029115bb0d3e7a3657731d88e701720efe.strop in Copy Resources */,
				C9837C3D252336A900A7EC56 /* Model_36d8e94f4cb46097bd6b7385f2aa91fcdee1a5fefeec59e56d1b9e82c94b00a7.strop in Copy Resources */,
				C9837C3E252336A900A7EC56 /* Model_b452fd3cd4037080cfcb4c423dba5bc58c8ceafc28427fdf9c5778fb353f088e.strop in Copy Resources */,
				C9837C3F252336A900A7EC56 /* Model_473ac5f5e256623c0a6b282698c1f1b033b9fb5359e6aa142e9fb4a4022afe4e.strop  in Copy Resources */,
				C9837C40252336A900A7EC56 /* Model_e2dda372088c13ba3741a0f13e7d33946d638f58b97e4cd886f0970eeccfde39.strop in Copy Resources */,
			);
			name = "Copy Resources";
			runOnlyForDeploymentPostprocessing = 0;
		};
		7841FF4C20445B120086F74C /* Copy Demo Images */ = {
			isa = PBXCopyFilesBuildPhase;
			buildActionMask = 2147483647;
			dstPath = "";
			dstSubfolderSpec = 16;
			files = (
				C959E39F24E43A7500E1424A /* id.jpg in Copy Demo Images */,
			);
			name = "Copy Demo Images";
			runOnlyForDeploymentPostprocessing = 0;
		};
/* End PBXCopyFilesBuildPhase section */

/* Begin PBXFileReference section */
		7841FF5220445B120086F74C /* Demo */ = {isa = PBXFileReference; explicitFileType = "compiled.mach-o.executable"; includeInIndex = 0; path = Demo; sourceTree = BUILT_PRODUCTS_DIR; };
		7841FF5520445B480086F74C /* demo.c */ = {isa = PBXFileReference; lastKnownFileType = sourcecode.c.c; path = demo.c; sourceTree = "<group>"; };
		C93BEA141EB34DE700A2216E /* RecognizerApi.framework */ = {isa = PBXFileReference; lastKnownFileType = wrapper.framework; name = RecognizerApi.framework; path = ../../../lib/macOS/RecognizerApi.framework; sourceTree = "<group>"; };
		C959E39D24E438F000E1424A /* LicenseKey.h */ = {isa = PBXFileReference; lastKnownFileType = sourcecode.c.h; name = LicenseKey.h; path = ../../src/utils/LicenseKey.h; sourceTree = "<group>"; };
		C959E39E24E43A6F00E1424A /* id.jpg */ = {isa = PBXFileReference; lastKnownFileType = image.jpeg; name = id.jpg; path = ../../src/demo/id.jpg; sourceTree = "<group>"; };
		C9837C292523369600A7EC56 /* ccc_lookup_table.zzip */ = {isa = PBXFileReference; lastKnownFileType = file; path = ccc_lookup_table.zzip; sourceTree = "<group>"; };
		C9837C2A2523369600A7EC56 /* Model_141118c0becd849c17db70ccc43c26d657598b76e2406e690660574e27ec2854.strop */ = {isa = PBXFileReference; lastKnownFileType = file; path = Model_141118c0becd849c17db70ccc43c26d657598b76e2406e690660574e27ec2854.strop; sourceTree = "<group>"; };
		C9837C2B2523369600A7EC56 /* Model_6fcfcf65470175835ad25f62811d30a830eae72672962cfcdcac88cda8b91b9d.strop */ = {isa = PBXFileReference; lastKnownFileType = file; path = Model_6fcfcf65470175835ad25f62811d30a830eae72672962cfcdcac88cda8b91b9d.strop; sourceTree = "<group>"; };
		C9837C2C2523369600A7EC56 /* Model_e4f1f62f68ec44b71ecad3fb3f3b48fe3790beb5ab325611e17d63af06e9f644.strop */ = {isa = PBXFileReference; lastKnownFileType = file; path = Model_e4f1f62f68ec44b71ecad3fb3f3b48fe3790beb5ab325611e17d63af06e9f644.strop; sourceTree = "<group>"; };
		C9837C2D2523369600A7EC56 /* face_detector_model.zzip */ = {isa = PBXFileReference; lastKnownFileType = file; path = face_detector_model.zzip; sourceTree = "<group>"; };
		C9837C2E2523369600A7EC56 /* Model_2880751121560047e6dc571bc8ff4683aeb863886f7c0789234594ceb1e23577.strop */ = {isa = PBXFileReference; lastKnownFileType = file; path = Model_2880751121560047e6dc571bc8ff4683aeb863886f7c0789234594ceb1e23577.strop; sourceTree = "<group>"; };
		C9837C2F2523369600A7EC56 /* Model_a3df4ea01179026ff7879c27ceec653d59d062c20eaaed021e1000d18879f2a1.strop */ = {isa = PBXFileReference; lastKnownFileType = file; path = Model_a3df4ea01179026ff7879c27ceec653d59d062c20eaaed021e1000d18879f2a1.strop; sourceTree = "<group>"; };
		C9837C302523369600A7EC56 /* Model_faf688599c7e261a2a7404730f69ed029115bb0d3e7a3657731d88e701720efe.strop */ = {isa = PBXFileReference; lastKnownFileType = file; path = Model_faf688599c7e261a2a7404730f69ed029115bb0d3e7a3657731d88e701720efe.strop; sourceTree = "<group>"; };
		C9837C312523369600A7EC56 /* Model_36d8e94f4cb46097bd6b7385f2aa91fcdee1a5fefeec59e56d1b9e82c94b00a7.strop */ = {isa = PBXFileReference; lastKnownFileType = file; path = Model_36d8e94f4cb46097bd6b7385f2aa91fcdee1a5fefeec59e56d1b9e82c94b00a7.strop; sourceTree = "<group>"; };
		C9837C322523369600A7EC56 /* Model_b452fd3cd4037080cfcb4c423dba5bc58c8ceafc28427fdf9c5778fb353f088e.strop */ = {isa = PBXFileReference; lastKnownFileType = file; path = Model_b452fd3cd4037080cfcb4c423dba5bc58c8ceafc28427fdf9c5778fb353f088e.strop; sourceTree = "<group>"; };
		C9837C332523369600A7EC56 /* Model_473ac5f5e256623c0a6b282698c1f1b033b9fb5359e6aa142e9fb4a4022afe4e.strop  */ = {isa = PBXFileReference; lastKnownFileType = file; path = Model_473ac5f5e256623c0a6b282698c1f1b033b9fb5359e6aa142e9fb4a4022afe4e.strop ; sourceTree = "<group>"; };
		C9837C342523369600A7EC56 /* Model_e2dda372088c13ba3741a0f13e7d33946d638f58b97e4cd886f0970eeccfde39.strop */ = {isa = PBXFileReference; lastKnownFileType = file; path = Model_e2dda372088c13ba3741a0f13e7d33946d638f58b97e4cd886f0970eeccfde39.strop; sourceTree = "<group>"; };
/* End PBXFileReference section */

/* Begin PBXFrameworksBuildPhase section */
		7841FF4420445B120086F74C /* Frameworks */ = {
			isa = PBXFrameworksBuildPhase;
			buildActionMask = 2147483647;
			files = (
				7841FF4620445B120086F74C /* RecognizerApi.framework in Frameworks */,
			);
			runOnlyForDeploymentPostprocessing = 0;
		};
/* End PBXFrameworksBuildPhase section */

/* Begin PBXGroup section */
		7841FF5720445B510086F74C /* demo */ = {
			isa = PBXGroup;
			children = (
				7841FF5520445B480086F74C /* demo.c */,
			);
			name = demo;
			path = ../../src/demo;
			sourceTree = "<group>";
		};
		C90A6ECA18ABC070004717EF = {
			isa = PBXGroup;
			children = (
				7841FF5720445B510086F74C /* demo */,
				C93BEA011EB344F700A2216E /* Utils */,
				C93BEA0D1EB3455C00A2216E /* Resources */,
				C90A6EF418ABD2ED004717EF /* Frameworks */,
				C90A6ED418ABC070004717EF /* Products */,
			);
			sourceTree = "<group>";
		};
		C90A6ED418ABC070004717EF /* Products */ = {
			isa = PBXGroup;
			children = (
				7841FF5220445B120086F74C /* Demo */,
			);
			name = Products;
			sourceTree = "<group>";
		};
		C90A6EF418ABD2ED004717EF /* Frameworks */ = {
			isa = PBXGroup;
			children = (
				C93BEA141EB34DE700A2216E /* RecognizerApi.framework */,
			);
			name = Frameworks;
			sourceTree = "<group>";
		};
		C93BEA011EB344F700A2216E /* Utils */ = {
			isa = PBXGroup;
			children = (
				C959E39D24E438F000E1424A /* LicenseKey.h */,
			);
			name = Utils;
			sourceTree = "<group>";
		};
		C93BEA0D1EB3455C00A2216E /* Resources */ = {
			isa = PBXGroup;
			children = (
				C959E39E24E43A6F00E1424A /* id.jpg */,
				C9837C282523369600A7EC56 /* non-android */,
			);
			name = Resources;
			sourceTree = "<group>";
		};
		C9837C282523369600A7EC56 /* non-android */ = {
			isa = PBXGroup;
			children = (
				C9837C292523369600A7EC56 /* ccc_lookup_table.zzip */,
				C9837C2A2523369600A7EC56 /* Model_141118c0becd849c17db70ccc43c26d657598b76e2406e690660574e27ec2854.strop */,
				C9837C2B2523369600A7EC56 /* Model_6fcfcf65470175835ad25f62811d30a830eae72672962cfcdcac88cda8b91b9d.strop */,
				C9837C2C2523369600A7EC56 /* Model_e4f1f62f68ec44b71ecad3fb3f3b48fe3790beb5ab325611e17d63af06e9f644.strop */,
				C9837C2D2523369600A7EC56 /* face_detector_model.zzip */,
				C9837C2E2523369600A7EC56 /* Model_2880751121560047e6dc571bc8ff4683aeb863886f7c0789234594ceb1e23577.strop */,
				C9837C2F2523369600A7EC56 /* Model_a3df4ea01179026ff7879c27ceec653d59d062c20eaaed021e1000d18879f2a1.strop */,
				C9837C302523369600A7EC56 /* Model_faf688599c7e261a2a7404730f69ed029115bb0d3e7a3657731d88e701720efe.strop */,
				C9837C312523369600A7EC56 /* Model_36d8e94f4cb46097bd6b7385f2aa91fcdee1a5fefeec59e56d1b9e82c94b00a7.strop */,
				C9837C322523369600A7EC56 /* Model_b452fd3cd4037080cfcb4c423dba5bc58c8ceafc28427fdf9c5778fb353f088e.strop */,
				C9837C332523369600A7EC56 /* Model_473ac5f5e256623c0a6b282698c1f1b033b9fb5359e6aa142e9fb4a4022afe4e.strop  */,
				C9837C342523369600A7EC56 /* Model_e2dda372088c13ba3741a0f13e7d33946d638f58b97e4cd886f0970eeccfde39.strop */,
			);
			name = "non-android";
			path = "../../../resources/non-android";
			sourceTree = "<group>";
		};
/* End PBXGroup section */

/* Begin PBXNativeTarget section */
		7841FF4020445B120086F74C /* Demo */ = {
			isa = PBXNativeTarget;
			buildConfigurationList = 7841FF4F20445B120086F74C /* Build configuration list for PBXNativeTarget "Demo" */;
			buildPhases = (
				7841FF4120445B120086F74C /* Sources */,
				7841FF4420445B120086F74C /* Frameworks */,
				7841FF4920445B120086F74C /* Copy Framework */,
				7841FF4B20445B120086F74C /* Copy Resources */,
				7841FF4C20445B120086F74C /* Copy Demo Images */,
			);
			buildRules = (
			);
			dependencies = (
			);
			name = Demo;
			productName = RecognizerApiDemo;
			productReference = 7841FF5220445B120086F74C /* Demo */;
			productType = "com.apple.product-type.tool";
		};
/* End PBXNativeTarget section */

/* Begin PBXProject section */
		C90A6ECB18ABC070004717EF /* Project object */ = {
			isa = PBXProject;
			attributes = {
				LastUpgradeCheck = 0830;
				ORGANIZATIONNAME = DoDo;
			};
			buildConfigurationList = C90A6ECE18ABC070004717EF /* Build configuration list for PBXProject "Demo-apps" */;
			compatibilityVersion = "Xcode 12.0";
			developmentRegion = English;
			hasScannedForEncodings = 0;
			knownRegions = (
				English,
				en,
			);
			mainGroup = C90A6ECA18ABC070004717EF;
			productRefGroup = C90A6ED418ABC070004717EF /* Products */;
			projectDirPath = "";
			projectRoot = "";
			targets = (
				7841FF4020445B120086F74C /* Demo */,
			);
		};
/* End PBXProject section */

/* Begin PBXSourcesBuildPhase section */
		7841FF4120445B120086F74C /* Sources */ = {
			isa = PBXSourcesBuildPhase;
			buildActionMask = 2147483647;
			files = (
				7841FF5620445B480086F74C /* demo.c in Sources */,
			);
			runOnlyForDeploymentPostprocessing = 0;
		};
/* End PBXSourcesBuildPhase section */

/* Begin XCBuildConfiguration section */
		7841FF5020445B120086F74C /* Debug */ = {
			isa = XCBuildConfiguration;
			buildSettings = {
				GCC_PREPROCESSOR_DEFINITIONS = (
					"LICENSEE=\\\"test\\\"",
					"LICENSE_KEY=\\\"sRwAAAQEdGVzdMo6VCxh3Y0vyKAlqFI32mwgaTZ4xz1HE3RmpNoX95bylVbh4Qv6i88Runn/aHBq3Oy2fhbDJ1ZlYJDsZ+CRyfWOD3XpMoEX1txE0n8y2aWiI1WjJt7rClAX61L2lvkvZX5DRgCpLG+FZ7QzWlylXKJvc4g6eRKJbRzkOethgvgSsm8jzG4TpSTSpexqQ4aMt+O3jexQfNPqj1AAtbnL/ZJD80eC7CVJgNQIRfw6NO84WEbJ+x+WCT1/yk/Big1RXMi/AdxU2dtdqOoSNDNBq5PqTRWeNC2CR7IrJXUWgsbyVRRJGi5CQ1mZyYAusGrGdOlYDXugOwXgTnF73E4aCQpFwg==\\\"",
				);
				LD_RUNPATH_SEARCH_PATHS = "@executable_path";
				PRODUCT_NAME = "$(TARGET_NAME)";
				VALID_ARCHS = x86_64;
			};
			name = Debug;
		};
		7841FF5120445B120086F74C /* Release */ = {
			isa = XCBuildConfiguration;
			buildSettings = {
				GCC_PREPROCESSOR_DEFINITIONS = (
					"LICENSEE=\\\"test\\\"",
					"LICENSE_KEY=\\\"sRwAAAQEdGVzdMo6VCxh3Y0vyKAlqFI32mwgaTZ4xz1HE3RmpNoX95bylVbh4Qv6i88Runn/aHBq3Oy2fhbDJ1ZlYJDsZ+CRyfWOD3XpMoEX1txE0n8y2aWiI1WjJt7rClAX61L2lvkvZX5DRgCpLG+FZ7QzWlylXKJvc4g6eRKJbRzkOethgvgSsm8jzG4TpSTSpexqQ4aMt+O3jexQfNPqj1AAtbnL/ZJD80eC7CVJgNQIRfw6NO84WEbJ+x+WCT1/yk/Big1RXMi/AdxU2dtdqOoSNDNBq5PqTRWeNC2CR7IrJXUWgsbyVRRJGi5CQ1mZyYAusGrGdOlYDXugOwXgTnF73E4aCQpFwg==\\\"",
				);
				LD_RUNPATH_SEARCH_PATHS = "@executable_path";
				PRODUCT_NAME = "$(TARGET_NAME)";
				VALID_ARCHS = x86_64;
			};
			name = Release;
		};
		C90A6EDA18ABC070004717EF /* Debug */ = {
			isa = XCBuildConfiguration;
			buildSettings = {
				ALWAYS_SEARCH_USER_PATHS = NO;
				ARCHS = "$(ARCHS_STANDARD)";
				CLANG_ENABLE_OBJC_ARC = YES;
				CLANG_WARN_BOOL_CONVERSION = YES;
				CLANG_WARN_CONSTANT_CONVERSION = YES;
				CLANG_WARN_DIRECT_OBJC_ISA_USAGE = YES_ERROR;
				CLANG_WARN_EMPTY_BODY = YES;
				CLANG_WARN_ENUM_CONVERSION = YES;
				CLANG_WARN_INFINITE_RECURSION = YES;
				CLANG_WARN_INT_CONVERSION = YES;
				CLANG_WARN_OBJC_ROOT_CLASS = YES_ERROR;
				CLANG_WARN_SUSPICIOUS_MOVE = YES;
				CLANG_WARN_UNREACHABLE_CODE = YES;
				CLANG_WARN__DUPLICATE_METHOD_MATCH = YES;
				COPY_PHASE_STRIP = NO;
				ENABLE_STRICT_OBJC_MSGSEND = YES;
				ENABLE_TESTABILITY = YES;
				FRAMEWORK_SEARCH_PATHS = $PROJECT_DIR/../../../lib/macOS;
				GCC_C_LANGUAGE_STANDARD = ansi;
				GCC_DYNAMIC_NO_PIC = NO;
				GCC_ENABLE_OBJC_EXCEPTIONS = YES;
				GCC_NO_COMMON_BLOCKS = YES;
				GCC_OPTIMIZATION_LEVEL = 0;
				GCC_PREPROCESSOR_DEFINITIONS = (
					"DEBUG=1",
					"$(inherited)",
				);
				GCC_SYMBOLS_PRIVATE_EXTERN = NO;
				GCC_WARN_64_TO_32_BIT_CONVERSION = YES;
				GCC_WARN_ABOUT_RETURN_TYPE = YES_ERROR;
				GCC_WARN_UNDECLARED_SELECTOR = YES;
				GCC_WARN_UNINITIALIZED_AUTOS = YES;
				GCC_WARN_UNUSED_FUNCTION = YES;
				GCC_WARN_UNUSED_VARIABLE = YES;
				HEADER_SEARCH_PATHS = (
					"$(inherited)",
					/Applications/Xcode.app/Contents/Developer/Toolchains/XcodeDefault.xctoolchain/usr/include,
					$PROJECT_DIR/../../../include,
					$PROJECT_DIR/../../src/utils/macOS,
					$PROJECT_DIR/../../src/utils,
					$PROJECT_DIR/../../../lib/macOS/RecognizerApi.framework/Headers,
				);
				MACOSX_DEPLOYMENT_TARGET = 10.8;
				ONLY_ACTIVE_ARCH = YES;
			};
			name = Debug;
		};
		C90A6EDB18ABC070004717EF /* Release */ = {
			isa = XCBuildConfiguration;
			buildSettings = {
				ALWAYS_SEARCH_USER_PATHS = NO;
				ARCHS = "$(ARCHS_STANDARD)";
				CLANG_ENABLE_OBJC_ARC = YES;
				CLANG_WARN_BOOL_CONVERSION = YES;
				CLANG_WARN_CONSTANT_CONVERSION = YES;
				CLANG_WARN_DIRECT_OBJC_ISA_USAGE = YES_ERROR;
				CLANG_WARN_EMPTY_BODY = YES;
				CLANG_WARN_ENUM_CONVERSION = YES;
				CLANG_WARN_INFINITE_RECURSION = YES;
				CLANG_WARN_INT_CONVERSION = YES;
				CLANG_WARN_OBJC_ROOT_CLASS = YES_ERROR;
				CLANG_WARN_SUSPICIOUS_MOVE = YES;
				CLANG_WARN_UNREACHABLE_CODE = YES;
				CLANG_WARN__DUPLICATE_METHOD_MATCH = YES;
				COPY_PHASE_STRIP = YES;
				DEBUG_INFORMATION_FORMAT = "dwarf-with-dsym";
				ENABLE_NS_ASSERTIONS = NO;
				ENABLE_STRICT_OBJC_MSGSEND = YES;
				FRAMEWORK_SEARCH_PATHS = $PROJECT_DIR/../../../lib/macOS;
				GCC_C_LANGUAGE_STANDARD = ansi;
				GCC_ENABLE_OBJC_EXCEPTIONS = YES;
				GCC_NO_COMMON_BLOCKS = YES;
				GCC_WARN_64_TO_32_BIT_CONVERSION = YES;
				GCC_WARN_ABOUT_RETURN_TYPE = YES_ERROR;
				GCC_WARN_UNDECLARED_SELECTOR = YES;
				GCC_WARN_UNINITIALIZED_AUTOS = YES;
				GCC_WARN_UNUSED_FUNCTION = YES;
				GCC_WARN_UNUSED_VARIABLE = YES;
				HEADER_SEARCH_PATHS = (
					"$(inherited)",
					/Applications/Xcode.app/Contents/Developer/Toolchains/XcodeDefault.xctoolchain/usr/include,
					$PROJECT_DIR/../../../include,
					$PROJECT_DIR/../../src/utils/macOS,
					$PROJECT_DIR/../../src/utils,
					$PROJECT_DIR/../../../lib/macOS/RecognizerApi.framework/Headers,
				);
				MACOSX_DEPLOYMENT_TARGET = 10.8;
				ONLY_ACTIVE_ARCH = YES;
			};
			name = Release;
		};
/* End XCBuildConfiguration section */

/* Begin XCConfigurationList section */
		7841FF4F20445B120086F74C /* Build configuration list for PBXNativeTarget "Demo" */ = {
			isa = XCConfigurationList;
			buildConfigurations = (
				7841FF5020445B120086F74C /* Debug */,
				7841FF5120445B120086F74C /* Release */,
			);
			defaultConfigurationIsVisible = 0;
			defaultConfigurationName = Release;
		};
		C90A6ECE18ABC070004717EF /* Build configuration list for PBXProject "Demo-apps" */ = {
			isa = XCConfigurationList;
			buildConfigurations = (
				C90A6EDA18ABC070004717EF /* Debug */,
				C90A6EDB18ABC070004717EF /* Release */,
			);
			defaultConfigurationIsVisible = 0;
			defaultConfigurationName = Release;
		};
/* End XCConfigurationList section */
	};
	rootObject = C90A6ECB18ABC070004717EF /* Project object */;
}
